
Microsoft Visual Studio Solution File, Format Version 12.00
# Visual Studio 15
VisualStudioVersion = 15.0.26124.0
MinimumVisualStudioVersion = 15.0.26124.0
Project("{2150E333-8FDC-42A3-9474-1A3956D46DE8}") = "src", "src", "{CB535704-1E2C-4036-B997-393E7635B7BE}"
EndProject
Project("{FAE04EC0-301F-11D3-BF4B-00C04F79EFBC}") = "Maktub.Presentaion", "src\Maktub.Presentation\Maktub.Presentaion.csproj", "{0B868C7E-EEF7-40DA-94FB-5844EFC34DD9}"
EndProject
Project("{FAE04EC0-301F-11D3-BF4B-00C04F79EFBC}") = "Maktub.Application", "src\Maktub.Application\Maktub.Application.csproj", "{3EE29217-4C91-4D02-8D4F-576FE4BA5C82}"
EndProject
Project("{FAE04EC0-301F-11D3-BF4B-00C04F79EFBC}") = "Maktub.Domain", "src\Maktub.Domain\Maktub.Domain.csproj", "{BF567348-3D17-4C48-BEEF-5DF8D0DA5B4B}"
EndProject
Project("{FAE04EC0-301F-11D3-BF4B-00C04F79EFBC}") = "Maktub.Persistance", "src\Maktub.Persistance\Maktub.Persistance.csproj", "{0BFB3479-04EC-4401-B2B4-29420F218E3B}"
EndProject
Project("{FAE04EC0-301F-11D3-BF4B-00C04F79EFBC}") = "Maktub.Infrastructure", "src\Maktub.Infrastructure\Maktub.Infrastructure.csproj", "{1A597828-F416-45F6-87D4-DA88E4698DC3}"
EndProject
Project("{FAE04EC0-301F-11D3-BF4B-00C04F79EFBC}") = "Maktub.Common", "src\Maktub.Common\Maktub.Common.csproj", "{52CB7F35-92F1-499C-9E63-7D5DF4642907}"
EndProject
Project("{FAE04EC0-301F-11D3-BF4B-00C04F79EFBC}") = "Maktub.Specification", "src\Maktub.Specification\Maktub.Specification.csproj", "{2E0ABED0-FE6E-4644-9AA3-033422DC21B6}"
EndProject
Global
	GlobalSection(SolutionProperties) = preSolution
		HideSolutionNode = FALSE
	EndGlobalSection
	GlobalSection(SolutionConfigurationPlatforms) = preSolution
		Debug|Any CPU = Debug|Any CPU
		Debug|x64 = Debug|x64
		Debug|x86 = Debug|x86
		Release|Any CPU = Release|Any CPU
		Release|x64 = Release|x64
		Release|x86 = Release|x86
	EndGlobalSection
	GlobalSection(ProjectConfigurationPlatforms) = postSolution
		{0B868C7E-EEF7-40DA-94FB-5844EFC34DD9}.Debug|Any CPU.ActiveCfg = Debug|Any CPU
		{0B868C7E-EEF7-40DA-94FB-5844EFC34DD9}.Debug|Any CPU.Build.0 = Debug|Any CPU
		{0B868C7E-EEF7-40DA-94FB-5844EFC34DD9}.Debug|x64.ActiveCfg = Debug|Any CPU
		{0B868C7E-EEF7-40DA-94FB-5844EFC34DD9}.Debug|x64.Build.0 = Debug|Any CPU
		{0B868C7E-EEF7-40DA-94FB-5844EFC34DD9}.Debug|x86.ActiveCfg = Debug|Any CPU
		{0B868C7E-EEF7-40DA-94FB-5844EFC34DD9}.Debug|x86.Build.0 = Debug|Any CPU
		{0B868C7E-EEF7-40DA-94FB-5844EFC34DD9}.Release|Any CPU.ActiveCfg = Release|Any CPU
		{0B868C7E-EEF7-40DA-94FB-5844EFC34DD9}.Release|Any CPU.Build.0 = Release|Any CPU
		{0B868C7E-EEF7-40DA-94FB-5844EFC34DD9}.Release|x64.ActiveCfg = Release|Any CPU
		{0B868C7E-EEF7-40DA-94FB-5844EFC34DD9}.Release|x64.Build.0 = Release|Any CPU
		{0B868C7E-EEF7-40DA-94FB-5844EFC34DD9}.Release|x86.ActiveCfg = Release|Any CPU
		{0B868C7E-EEF7-40DA-94FB-5844EFC34DD9}.Release|x86.Build.0 = Release|Any CPU
		{3EE29217-4C91-4D02-8D4F-576FE4BA5C82}.Debug|Any CPU.ActiveCfg = Debug|Any CPU
		{3EE29217-4C91-4D02-8D4F-576FE4BA5C82}.Debug|Any CPU.Build.0 = Debug|Any CPU
		{3EE29217-4C91-4D02-8D4F-576FE4BA5C82}.Debug|x64.ActiveCfg = Debug|Any CPU
		{3EE29217-4C91-4D02-8D4F-576FE4BA5C82}.Debug|x64.Build.0 = Debug|Any CPU
		{3EE29217-4C91-4D02-8D4F-576FE4BA5C82}.Debug|x86.ActiveCfg = Debug|Any CPU
		{3EE29217-4C91-4D02-8D4F-576FE4BA5C82}.Debug|x86.Build.0 = Debug|Any CPU
		{3EE29217-4C91-4D02-8D4F-576FE4BA5C82}.Release|Any CPU.ActiveCfg = Release|Any CPU
		{3EE29217-4C91-4D02-8D4F-576FE4BA5C82}.Release|Any CPU.Build.0 = Release|Any CPU
		{3EE29217-4C91-4D02-8D4F-576FE4BA5C82}.Release|x64.ActiveCfg = Release|Any CPU
		{3EE29217-4C91-4D02-8D4F-576FE4BA5C82}.Release|x64.Build.0 = Release|Any CPU
		{3EE29217-4C91-4D02-8D4F-576FE4BA5C82}.Release|x86.ActiveCfg = Release|Any CPU
		{3EE29217-4C91-4D02-8D4F-576FE4BA5C82}.Release|x86.Build.0 = Release|Any CPU
		{BF567348-3D17-4C48-BEEF-5DF8D0DA5B4B}.Debug|Any CPU.ActiveCfg = Debug|Any CPU
		{BF567348-3D17-4C48-BEEF-5DF8D0DA5B4B}.Debug|Any CPU.Build.0 = Debug|Any CPU
		{BF567348-3D17-4C48-BEEF-5DF8D0DA5B4B}.Debug|x64.ActiveCfg = Debug|Any CPU
		{BF567348-3D17-4C48-BEEF-5DF8D0DA5B4B}.Debug|x64.Build.0 = Debug|Any CPU
		{BF567348-3D17-4C48-BEEF-5DF8D0DA5B4B}.Debug|x86.ActiveCfg = Debug|Any CPU
		{BF567348-3D17-4C48-BEEF-5DF8D0DA5B4B}.Debug|x86.Build.0 = Debug|Any CPU
		{BF567348-3D17-4C48-BEEF-5DF8D0DA5B4B}.Release|Any CPU.ActiveCfg = Release|Any CPU
		{BF567348-3D17-4C48-BEEF-5DF8D0DA5B4B}.Release|Any CPU.Build.0 = Release|Any CPU
		{BF567348-3D17-4C48-BEEF-5DF8D0DA5B4B}.Release|x64.ActiveCfg = Release|Any CPU
		{BF567348-3D17-4C48-BEEF-5DF8D0DA5B4B}.Release|x64.Build.0 = Release|Any CPU
		{BF567348-3D17-4C48-BEEF-5DF8D0DA5B4B}.Release|x86.ActiveCfg = Release|Any CPU
		{BF567348-3D17-4C48-BEEF-5DF8D0DA5B4B}.Release|x86.Build.0 = Release|Any CPU
		{0BFB3479-04EC-4401-B2B4-29420F218E3B}.Debug|Any CPU.ActiveCfg = Debug|Any CPU
		{0BFB3479-04EC-4401-B2B4-29420F218E3B}.Debug|Any CPU.Build.0 = Debug|Any CPU
		{0BFB3479-04EC-4401-B2B4-29420F218E3B}.Debug|x64.ActiveCfg = Debug|Any CPU
		{0BFB3479-04EC-4401-B2B4-29420F218E3B}.Debug|x64.Build.0 = Debug|Any CPU
		{0BFB3479-04EC-4401-B2B4-29420F218E3B}.Debug|x86.ActiveCfg = Debug|Any CPU
		{0BFB3479-04EC-4401-B2B4-29420F218E3B}.Debug|x86.Build.0 = Debug|Any CPU
		{0BFB3479-04EC-4401-B2B4-29420F218E3B}.Release|Any CPU.ActiveCfg = Release|Any CPU
		{0BFB3479-04EC-4401-B2B4-29420F218E3B}.Release|Any CPU.Build.0 = Release|Any CPU
		{0BFB3479-04EC-4401-B2B4-29420F218E3B}.Release|x64.ActiveCfg = Release|Any CPU
		{0BFB3479-04EC-4401-B2B4-29420F218E3B}.Release|x64.Build.0 = Release|Any CPU
		{0BFB3479-04EC-4401-B2B4-29420F218E3B}.Release|x86.ActiveCfg = Release|Any CPU
		{0BFB3479-04EC-4401-B2B4-29420F218E3B}.Release|x86.Build.0 = Release|Any CPU
		{1A597828-F416-45F6-87D4-DA88E4698DC3}.Debug|Any CPU.ActiveCfg = Debug|Any CPU
		{1A597828-F416-45F6-87D4-DA88E4698DC3}.Debug|Any CPU.Build.0 = Debug|Any CPU
		{1A597828-F416-45F6-87D4-DA88E4698DC3}.Debug|x64.ActiveCfg = Debug|Any CPU
		{1A597828-F416-45F6-87D4-DA88E4698DC3}.Debug|x64.Build.0 = Debug|Any CPU
		{1A597828-F416-45F6-87D4-DA88E4698DC3}.Debug|x86.ActiveCfg = Debug|Any CPU
		{1A597828-F416-45F6-87D4-DA88E4698DC3}.Debug|x86.Build.0 = Debug|Any CPU
		{1A597828-F416-45F6-87D4-DA88E4698DC3}.Release|Any CPU.ActiveCfg = Release|Any CPU
		{1A597828-F416-45F6-87D4-DA88E4698DC3}.Release|Any CPU.Build.0 = Release|Any CPU
		{1A597828-F416-45F6-87D4-DA88E4698DC3}.Release|x64.ActiveCfg = Release|Any CPU
		{1A597828-F416-45F6-87D4-DA88E4698DC3}.Release|x64.Build.0 = Release|Any CPU
		{1A597828-F416-45F6-87D4-DA88E4698DC3}.Release|x86.ActiveCfg = Release|Any CPU
		{1A597828-F416-45F6-87D4-DA88E4698DC3}.Release|x86.Build.0 = Release|Any CPU
		{52CB7F35-92F1-499C-9E63-7D5DF4642907}.Debug|Any CPU.ActiveCfg = Debug|Any CPU
		{52CB7F35-92F1-499C-9E63-7D5DF4642907}.Debug|Any CPU.Build.0 = Debug|Any CPU
		{52CB7F35-92F1-499C-9E63-7D5DF4642907}.Debug|x64.ActiveCfg = Debug|Any CPU
		{52CB7F35-92F1-499C-9E63-7D5DF4642907}.Debug|x64.Build.0 = Debug|Any CPU
		{52CB7F35-92F1-499C-9E63-7D5DF4642907}.Debug|x86.ActiveCfg = Debug|Any CPU
		{52CB7F35-92F1-499C-9E63-7D5DF4642907}.Debug|x86.Build.0 = Debug|Any CPU
		{52CB7F35-92F1-499C-9E63-7D5DF4642907}.Release|Any CPU.ActiveCfg = Release|Any CPU
		{52CB7F35-92F1-499C-9E63-7D5DF4642907}.Release|Any CPU.Build.0 = Release|Any CPU
		{52CB7F35-92F1-499C-9E63-7D5DF4642907}.Release|x64.ActiveCfg = Release|Any CPU
		{52CB7F35-92F1-499C-9E63-7D5DF4642907}.Release|x64.Build.0 = Release|Any CPU
		{52CB7F35-92F1-499C-9E63-7D5DF4642907}.Release|x86.ActiveCfg = Release|Any CPU
		{52CB7F35-92F1-499C-9E63-7D5DF4642907}.Release|x86.Build.0 = Release|Any CPU
		{2E0ABED0-FE6E-4644-9AA3-033422DC21B6}.Debug|Any CPU.ActiveCfg = Debug|Any CPU
		{2E0ABED0-FE6E-4644-9AA3-033422DC21B6}.Debug|Any CPU.Build.0 = Debug|Any CPU
		{2E0ABED0-FE6E-4644-9AA3-033422DC21B6}.Debug|x64.ActiveCfg = Debug|Any CPU
		{2E0ABED0-FE6E-4644-9AA3-033422DC21B6}.Debug|x64.Build.0 = Debug|Any CPU
		{2E0ABED0-FE6E-4644-9AA3-033422DC21B6}.Debug|x86.ActiveCfg = Debug|Any CPU
		{2E0ABED0-FE6E-4644-9AA3-033422DC21B6}.Debug|x86.Build.0 = Debug|Any CPU
		{2E0ABED0-FE6E-4644-9AA3-033422DC21B6}.Release|Any CPU.ActiveCfg = Release|Any CPU
		{2E0ABED0-FE6E-4644-9AA3-033422DC21B6}.Release|Any CPU.Build.0 = Release|Any CPU
		{2E0ABED0-FE6E-4644-9AA3-033422DC21B6}.Release|x64.ActiveCfg = Release|Any CPU
		{2E0ABED0-FE6E-4644-9AA3-033422DC21B6}.Release|x64.Build.0 = Release|Any CPU
		{2E0ABED0-FE6E-4644-9AA3-033422DC21B6}.Release|x86.ActiveCfg = Release|Any CPU
		{2E0ABED0-FE6E-4644-9AA3-033422DC21B6}.Release|x86.Build.0 = Release|Any CPU
	EndGlobalSection
	GlobalSection(NestedProjects) = preSolution
		{0B868C7E-EEF7-40DA-94FB-5844EFC34DD9} = {CB535704-1E2C-4036-B997-393E7635B7BE}
		{3EE29217-4C91-4D02-8D4F-576FE4BA5C82} = {CB535704-1E2C-4036-B997-393E7635B7BE}
		{BF567348-3D17-4C48-BEEF-5DF8D0DA5B4B} = {CB535704-1E2C-4036-B997-393E7635B7BE}
		{0BFB3479-04EC-4401-B2B4-29420F218E3B} = {CB535704-1E2C-4036-B997-393E7635B7BE}
		{1A597828-F416-45F6-87D4-DA88E4698DC3} = {CB535704-1E2C-4036-B997-393E7635B7BE}
		{52CB7F35-92F1-499C-9E63-7D5DF4642907} = {CB535704-1E2C-4036-B997-393E7635B7BE}
		{2E0ABED0-FE6E-4644-9AA3-033422DC21B6} = {CB535704-1E2C-4036-B997-393E7635B7BE}
	EndGlobalSection
EndGlobal
